
Microsoft Visual Studio Solution File, Format Version 12.00
# Visual Studio 14
VisualStudioVersion = 14.0.25420.1
MinimumVisualStudioVersion = 10.0.40219.1
Project("{FAE04EC0-301F-11D3-BF4B-00C04F79EFBC}") = "Vau.Common", "Vau.Common\Vau.Common.csproj", "{9916E9C5-7CD0-4FFB-90E7-EFCA18971350}"
EndProject
Project("{FAE04EC0-301F-11D3-BF4B-00C04F79EFBC}") = "Vau.Model", "Vau.Model\Vau.Model.csproj", "{7871143D-F7A7-432F-B70A-A91406F830E2}"
EndProject
Project("{FAE04EC0-301F-11D3-BF4B-00C04F79EFBC}") = "Vau.Services", "Vau.Services\Vau.Services.csproj", "{00CD5E18-0904-4BF9-8ED6-6B7D4C8860E1}"
EndProject
Project("{FAE04EC0-301F-11D3-BF4B-00C04F79EFBC}") = "Vau.UnitTest", "Vau.UnitTest\Vau.UnitTest.csproj", "{B2C6F369-7F44-49CD-9CE5-031FCA28CA39}"
EndProject
Project("{FAE04EC0-301F-11D3-BF4B-00C04F79EFBC}") = "Vau.WebShop", "Vau.WebShop\Vau.WebShop.csproj", "{E4F79BAA-9C75-4787-AB47-91F837DFDCD5}"
EndProject
Project("{FAE04EC0-301F-11D3-BF4B-00C04F79EFBC}") = "Vau.Data", "Vau.Data\Vau.Data.csproj", "{0528338C-7F66-4C98-B57A-0C12B98C834A}"
EndProject
Global
	GlobalSection(SolutionConfigurationPlatforms) = preSolution
		Debug|Any CPU = Debug|Any CPU
		Release|Any CPU = Release|Any CPU
	EndGlobalSection
	GlobalSection(ProjectConfigurationPlatforms) = postSolution
		{9916E9C5-7CD0-4FFB-90E7-EFCA18971350}.Debug|Any CPU.ActiveCfg = Debug|Any CPU
		{9916E9C5-7CD0-4FFB-90E7-EFCA18971350}.Debug|Any CPU.Build.0 = Debug|Any CPU
		{9916E9C5-7CD0-4FFB-90E7-EFCA18971350}.Release|Any CPU.ActiveCfg = Release|Any CPU
		{9916E9C5-7CD0-4FFB-90E7-EFCA18971350}.Release|Any CPU.Build.0 = Release|Any CPU
		{7871143D-F7A7-432F-B70A-A91406F830E2}.Debug|Any CPU.ActiveCfg = Debug|Any CPU
		{7871143D-F7A7-432F-B70A-A91406F830E2}.Debug|Any CPU.Build.0 = Debug|Any CPU
		{7871143D-F7A7-432F-B70A-A91406F830E2}.Release|Any CPU.ActiveCfg = Release|Any CPU
		{7871143D-F7A7-432F-B70A-A91406F830E2}.Release|Any CPU.Build.0 = Release|Any CPU
		{00CD5E18-0904-4BF9-8ED6-6B7D4C8860E1}.Debug|Any CPU.ActiveCfg = Debug|Any CPU
		{00CD5E18-0904-4BF9-8ED6-6B7D4C8860E1}.Debug|Any CPU.Build.0 = Debug|Any CPU
		{00CD5E18-0904-4BF9-8ED6-6B7D4C8860E1}.Release|Any CPU.ActiveCfg = Release|Any CPU
		{00CD5E18-0904-4BF9-8ED6-6B7D4C8860E1}.Release|Any CPU.Build.0 = Release|Any CPU
		{B2C6F369-7F44-49CD-9CE5-031FCA28CA39}.Debug|Any CPU.ActiveCfg = Debug|Any CPU
		{B2C6F369-7F44-49CD-9CE5-031FCA28CA39}.Debug|Any CPU.Build.0 = Debug|Any CPU
		{B2C6F369-7F44-49CD-9CE5-031FCA28CA39}.Release|Any CPU.ActiveCfg = Release|Any CPU
		{B2C6F369-7F44-49CD-9CE5-031FCA28CA39}.Release|Any CPU.Build.0 = Release|Any CPU
		{E4F79BAA-9C75-4787-AB47-91F837DFDCD5}.Debug|Any CPU.ActiveCfg = Debug|Any CPU
		{E4F79BAA-9C75-4787-AB47-91F837DFDCD5}.Debug|Any CPU.Build.0 = Debug|Any CPU
		{E4F79BAA-9C75-4787-AB47-91F837DFDCD5}.Release|Any CPU.ActiveCfg = Release|Any CPU
		{E4F79BAA-9C75-4787-AB47-91F837DFDCD5}.Release|Any CPU.Build.0 = Release|Any CPU
		{0528338C-7F66-4C98-B57A-0C12B98C834A}.Debug|Any CPU.ActiveCfg = Debug|Any CPU
		{0528338C-7F66-4C98-B57A-0C12B98C834A}.Debug|Any CPU.Build.0 = Debug|Any CPU
		{0528338C-7F66-4C98-B57A-0C12B98C834A}.Release|Any CPU.ActiveCfg = Release|Any CPU
		{0528338C-7F66-4C98-B57A-0C12B98C834A}.Release|Any CPU.Build.0 = Release|Any CPU
	EndGlobalSection
	GlobalSection(SolutionProperties) = preSolution
		HideSolutionNode = FALSE
	EndGlobalSection
EndGlobal
